<<<<<<< HEAD

Microsoft Visual Studio Solution File, Format Version 12.00
# Visual Studio Version 17
VisualStudioVersion = 17.0.31903.59
=======
﻿
Microsoft Visual Studio Solution File, Format Version 12.00
# Visual Studio Version 18
VisualStudioVersion = 18.4.11612.150 stable
>>>>>>> f97a282cd8a81a23f2aa0816f21503305f703739
MinimumVisualStudioVersion = 10.0.40219.1
Project("{FAE04EC0-301F-11D3-BF4B-00C04F79EFBC}") = "SistemaVotacion", "SistemaVotacion.csproj", "{1E5A8F3B-2607-F6AC-F74A-E4C26A62AF37}"
EndProject
Global
	GlobalSection(SolutionConfigurationPlatforms) = preSolution
		Debug|Any CPU = Debug|Any CPU
		Release|Any CPU = Release|Any CPU
	EndGlobalSection
	GlobalSection(ProjectConfigurationPlatforms) = postSolution
		{1E5A8F3B-2607-F6AC-F74A-E4C26A62AF37}.Debug|Any CPU.ActiveCfg = Debug|Any CPU
		{1E5A8F3B-2607-F6AC-F74A-E4C26A62AF37}.Debug|Any CPU.Build.0 = Debug|Any CPU
		{1E5A8F3B-2607-F6AC-F74A-E4C26A62AF37}.Release|Any CPU.ActiveCfg = Release|Any CPU
		{1E5A8F3B-2607-F6AC-F74A-E4C26A62AF37}.Release|Any CPU.Build.0 = Release|Any CPU
	EndGlobalSection
	GlobalSection(SolutionProperties) = preSolution
		HideSolutionNode = FALSE
	EndGlobalSection
	GlobalSection(ExtensibilityGlobals) = postSolution
		SolutionGuid = {590C41D6-14C3-4DC3-9437-0CC46910AC0D}
	EndGlobalSection
EndGlobal
